
Microsoft Visual Studio Solution File, Format Version 12.00
# Visual Studio 14
VisualStudioVersion = 14.0.25420.1
MinimumVisualStudioVersion = 10.0.40219.1
Project("{FAE04EC0-301F-11D3-BF4B-00C04F79EFBC}") = "PathFinderDemo", "PathFinderDemo.csproj", "{AA7D61D2-C952-4170-A798-244125B47230}"
EndProject
Project("{FAE04EC0-301F-11D3-BF4B-00C04F79EFBC}") = "PathFinderLibrary", "..\PathFinderLibrary\PathFinderLibrary.csproj", "{CDD6D18E-EEAB-4FEB-81FF-B6D3F9627616}"
EndProject
Global
	GlobalSection(SolutionConfigurationPlatforms) = preSolution
		Debug|Any CPU = Debug|Any CPU
		Release|Any CPU = Release|Any CPU
	EndGlobalSection
	GlobalSection(ProjectConfigurationPlatforms) = postSolution
		{AA7D61D2-C952-4170-A798-244125B47230}.Debug|Any CPU.ActiveCfg = Debug|Any CPU
		{AA7D61D2-C952-4170-A798-244125B47230}.Debug|Any CPU.Build.0 = Debug|Any CPU
		{AA7D61D2-C952-4170-A798-244125B47230}.Release|Any CPU.ActiveCfg = Release|Any CPU
		{AA7D61D2-C952-4170-A798-244125B47230}.Release|Any CPU.Build.0 = Release|Any CPU
		{CDD6D18E-EEAB-4FEB-81FF-B6D3F9627616}.Debug|Any CPU.ActiveCfg = Debug|Any CPU
		{CDD6D18E-EEAB-4FEB-81FF-B6D3F9627616}.Debug|Any CPU.Build.0 = Debug|Any CPU
		{CDD6D18E-EEAB-4FEB-81FF-B6D3F9627616}.Release|Any CPU.ActiveCfg = Release|Any CPU
		{CDD6D18E-EEAB-4FEB-81FF-B6D3F9627616}.Release|Any CPU.Build.0 = Release|Any CPU
	EndGlobalSection
	GlobalSection(SolutionProperties) = preSolution
		HideSolutionNode = FALSE
	EndGlobalSection
EndGlobal
